// !$*UTF8*$!
{
	archiveVersion = 1;
	classes = {
	};
	objectVersion = 46;
	objects = {

/* Begin PBXBuildFile section */
		C6750AD91AFB4821003F2248 /* main.cpp in Sources */ = {isa = PBXBuildFile; fileRef = C6750AD81AFB4821003F2248 /* main.cpp */; };
/* End PBXBuildFile section */

/* Begin PBXCopyFilesBuildPhase section */
		C6750AD31AFB4821003F2248 /* CopyFiles */ = {
			isa = PBXCopyFilesBuildPhase;
			buildActionMask = 2147483647;
			dstPath = /usr/share/man/man1/;
			dstSubfolderSpec = 0;
			files = (
			);
			runOnlyForDeploymentPostprocessing = 1;
		};
/* End PBXCopyFilesBuildPhase section */

/* Begin PBXFileReference section */
		C6750AD51AFB4821003F2248 /* FileZip */ = {isa = PBXFileReference; explicitFileType = "compiled.mach-o.executable"; includeInIndex = 0; path = FileZip; sourceTree = BUILT_PRODUCTS_DIR; };
		C6750AD81AFB4821003F2248 /* main.cpp */ = {isa = PBXFileReference; lastKnownFileType = sourcecode.cpp.cpp; path = main.cpp; sourceTree = "<group>"; };
		C6750AE21AFB4AB1003F2248 /* vector.cpp */ = {isa = PBXFileReference; fileEncoding = 4; lastKnownFileType = sourcecode.cpp.cpp; path = vector.cpp; sourceTree = "<group>"; };
		C6750AE31AFB4AB1003F2248 /* vector.h */ = {isa = PBXFileReference; fileEncoding = 4; lastKnownFileType = sourcecode.c.h; path = vector.h; sourceTree = "<group>"; };
		C6750AE51AFB4B32003F2248 /* mystring.cpp */ = {isa = PBXFileReference; fileEncoding = 4; lastKnownFileType = sourcecode.cpp.cpp; name = mystring.cpp; path = ../mystring.cpp; sourceTree = "<group>"; };
		C6750AE61AFB4B32003F2248 /* mystring.h */ = {isa = PBXFileReference; fileEncoding = 4; lastKnownFileType = sourcecode.c.h; name = mystring.h; path = ../mystring.h; sourceTree = "<group>"; };
		C6750AEB1AFB5672003F2248 /* Pair.cpp */ = {isa = PBXFileReference; fileEncoding = 4; lastKnownFileType = sourcecode.cpp.cpp; path = Pair.cpp; sourceTree = "<group>"; };
		C6750AEC1AFB5672003F2248 /* Pair.h */ = {isa = PBXFileReference; fileEncoding = 4; lastKnownFileType = sourcecode.c.h; path = Pair.h; sourceTree = "<group>"; };
/* End PBXFileReference section */

/* Begin PBXFrameworksBuildPhase section */
		C6750AD21AFB4821003F2248 /* Frameworks */ = {
			isa = PBXFrameworksBuildPhase;
			buildActionMask = 2147483647;
			files = (
			);
			runOnlyForDeploymentPostprocessing = 0;
		};
/* End PBXFrameworksBuildPhase section */

/* Begin PBXGroup section */
		C6750ACC1AFB4821003F2248 = {
			isa = PBXGroup;
			children = (
				C6750AD71AFB4821003F2248 /* FileZip */,
				C6750AD61AFB4821003F2248 /* Products */,
			);
			sourceTree = "<group>";
		};
		C6750AD61AFB4821003F2248 /* Products */ = {
			isa = PBXGroup;
			children = (
				C6750AD51AFB4821003F2248 /* FileZip */,
			);
			name = Products;
			sourceTree = "<group>";
		};
		C6750AD71AFB4821003F2248 /* FileZip */ = {
			isa = PBXGroup;
			children = (
				C6750AEB1AFB5672003F2248 /* Pair.cpp */,
				C6750AEC1AFB5672003F2248 /* Pair.h */,
				C6750AE51AFB4B32003F2248 /* mystring.cpp */,
				C6750AE61AFB4B32003F2248 /* mystring.h */,
				C6750AD81AFB4821003F2248 /* main.cpp */,
				C6750AE21AFB4AB1003F2248 /* vector.cpp */,
				C6750AE31AFB4AB1003F2248 /* vector.h */,
			);
			path = FileZip;
			sourceTree = "<group>";
		};
/* End PBXGroup section */

/* Begin PBXNativeTarget section */
		C6750AD41AFB4821003F2248 /* FileZip */ = {
			isa = PBXNativeTarget;
			buildConfigurationList = C6750ADC1AFB4821003F2248 /* Build configuration list for PBXNativeTarget "FileZip" */;
			buildPhases = (
				C6750AD11AFB4821003F2248 /* Sources */,
				C6750AD21AFB4821003F2248 /* Frameworks */,
				C6750AD31AFB4821003F2248 /* CopyFiles */,
			);
			buildRules = (
			);
			dependencies = (
			);
			name = FileZip;
			productName = FileZip;
			productReference = C6750AD51AFB4821003F2248 /* FileZip */;
			productType = "com.apple.product-type.tool";
		};
/* End PBXNativeTarget section */

/* Begin PBXProject section */
		C6750ACD1AFB4821003F2248 /* Project object */ = {
			isa = PBXProject;
			attributes = {
				LastUpgradeCheck = 0630;
				ORGANIZATIONNAME = Vincent;
				TargetAttributes = {
					C6750AD41AFB4821003F2248 = {
						CreatedOnToolsVersion = 6.3.1;
					};
				};
			};
			buildConfigurationList = C6750AD01AFB4821003F2248 /* Build configuration list for PBXProject "FileZip" */;
			compatibilityVersion = "Xcode 3.2";
			developmentRegion = English;
			hasScannedForEncodings = 0;
			knownRegions = (
				en,
			);
			mainGroup = C6750ACC1AFB4821003F2248;
			productRefGroup = C6750AD61AFB4821003F2248 /* Products */;
			projectDirPath = "";
			projectRoot = "";
			targets = (
				C6750AD41AFB4821003F2248 /* FileZip */,
			);
		};
/* End PBXProject section */

/* Begin PBXSourcesBuildPhase section */
		C6750AD11AFB4821003F2248 /* Sources */ = {
			isa = PBXSourcesBuildPhase;
			buildActionMask = 2147483647;
			files = (
				C6750AD91AFB4821003F2248 /* main.cpp in Sources */,
			);
			runOnlyForDeploymentPostprocessing = 0;
		};
/* End PBXSourcesBuildPhase section */

/* Begin XCBuildConfiguration section */
		C6750ADA1AFB4821003F2248 /* Debug */ = {
			isa = XCBuildConfiguration;
			buildSettings = {
				ALWAYS_SEARCH_USER_PATHS = NO;
				CLANG_CXX_LANGUAGE_STANDARD = "gnu++0x";
				CLANG_CXX_LIBRARY = "libc++";
				CLANG_ENABLE_MODULES = YES;
				CLANG_ENABLE_OBJC_ARC = YES;
				CLANG_WARN_BOOL_CONVERSION = YES;
				CLANG_WARN_CONSTANT_CONVERSION = YES;
				CLANG_WARN_DIRECT_OBJC_ISA_USAGE = YES_ERROR;
				CLANG_WARN_EMPTY_BODY = YES;
				CLANG_WARN_ENUM_CONVERSION = YES;
				CLANG_WARN_INT_CONVERSION = YES;
				CLANG_WARN_OBJC_ROOT_CLASS = YES_ERROR;
				CLANG_WARN_UNREACHABLE_CODE = YES;
				CLANG_WARN__DUPLICATE_METHOD_MATCH = YES;
				COPY_PHASE_STRIP = NO;
				DEBUG_INFORMATION_FORMAT = dwarf;
				ENABLE_STRICT_OBJC_MSGSEND = YES;
				GCC_C_LANGUAGE_STANDARD = gnu99;
				GCC_DYNAMIC_NO_PIC = NO;
				GCC_NO_COMMON_BLOCKS = YES;
				GCC_OPTIMIZATION_LEVEL = 0;
				GCC_PREPROCESSOR_DEFINITIONS = (
					"DEBUG=1",
					"$(inherited)",
				);
				GCC_SYMBOLS_PRIVATE_EXTERN = NO;
				GCC_WARN_64_TO_32_BIT_CONVERSION = YES;
				GCC_WARN_ABOUT_RETURN_TYPE = YES_ERROR;
				GCC_WARN_UNDECLARED_SELECTOR = YES;
				GCC_WARN_UNINITIALIZED_AUTOS = YES_AGGRESSIVE;
				GCC_WARN_UNUSED_FUNCTION = YES;
				GCC_WARN_UNUSED_VARIABLE = YES;
				MACOSX_DEPLOYMENT_TARGET = 10.10;
				MTL_ENABLE_DEBUG_INFO = YES;
				ONLY_ACTIVE_ARCH = YES;
				SDKROOT = macosx;
			};
			name = Debug;
		};
		C6750ADB1AFB4821003F2248 /* Release */ = {
			isa = XCBuildConfiguration;
			buildSettings = {
				ALWAYS_SEARCH_USER_PATHS = NO;
				CLANG_CXX_LANGUAGE_STANDARD = "gnu++0x";
				CLANG_CXX_LIBRARY = "libc++";
				CLANG_ENABLE_MODULES = YES;
				CLANG_ENABLE_OBJC_ARC = YES;
				CLANG_WARN_BOOL_CONVERSION = YES;
				CLANG_WARN_CONSTANT_CONVERSION = YES;
				CLANG_WARN_DIRECT_OBJC_ISA_USAGE = YES_ERROR;
				CLANG_WARN_EMPTY_BODY = YES;
				CLANG_WARN_ENUM_CONVERSION = YES;
				CLANG_WARN_INT_CONVERSION = YES;
				CLANG_WARN_OBJC_ROOT_CLASS = YES_ERROR;
				CLANG_WARN_UNREACHABLE_CODE = YES;
				CLANG_WARN__DUPLICATE_METHOD_MATCH = YES;
				COPY_PHASE_STRIP = NO;
				DEBUG_INFORMATION_FORMAT = "dwarf-with-dsym";
				ENABLE_NS_ASSERTIONS = NO;
				ENABLE_STRICT_OBJC_MSGSEND = YES;
				GCC_C_LANGUAGE_STANDARD = gnu99;
				GCC_NO_COMMON_BLOCKS = YES;
				GCC_WARN_64_TO_32_BIT_CONVERSION = YES;
				GCC_WARN_ABOUT_RETURN_TYPE = YES_ERROR;
				GCC_WARN_UNDECLARED_SELECTOR = YES;
				GCC_WARN_UNINITIALIZED_AUTOS = YES_AGGRESSIVE;
				GCC_WARN_UNUSED_FUNCTION = YES;
				GCC_WARN_UNUSED_VARIABLE = YES;
				MACOSX_DEPLOYMENT_TARGET = 10.10;
				MTL_ENABLE_DEBUG_INFO = NO;
				SDKROOT = macosx;
			};
			name = Release;
		};
		C6750ADD1AFB4821003F2248 /* Debug */ = {
			isa = XCBuildConfiguration;
			buildSettings = {
				PRODUCT_NAME = "$(TARGET_NAME)";
			};
			name = Debug;
		};
		C6750ADE1AFB4821003F2248 /* Release */ = {
			isa = XCBuildConfiguration;
			buildSettings = {
				PRODUCT_NAME = "$(TARGET_NAME)";
			};
			name = Release;
		};
/* End XCBuildConfiguration section */

/* Begin XCConfigurationList section */
		C6750AD01AFB4821003F2248 /* Build configuration list for PBXProject "FileZip" */ = {
			isa = XCConfigurationList;
			buildConfigurations = (
				C6750ADA1AFB4821003F2248 /* Debug */,
				C6750ADB1AFB4821003F2248 /* Release */,
			);
			defaultConfigurationIsVisible = 0;
			defaultConfigurationName = Release;
		};
		C6750ADC1AFB4821003F2248 /* Build configuration list for PBXNativeTarget "FileZip" */ = {
			isa = XCConfigurationList;
			buildConfigurations = (
				C6750ADD1AFB4821003F2248 /* Debug */,
				C6750ADE1AFB4821003F2248 /* Release */,
			);
			defaultConfigurationIsVisible = 0;
		};
/* End XCConfigurationList section */
	};
	rootObject = C6750ACD1AFB4821003F2248 /* Project object */;
}
