// !$*UTF8*$!
{
	archiveVersion = 1;
	classes = {
	};
	objectVersion = 46;
	objects = {

/* Begin PBXBuildFile section */
		C6F55F6A1ACE629D00CBE4DA /* main.cpp in Sources */ = {isa = PBXBuildFile; fileRef = C6F55F691ACE629D00CBE4DA /* main.cpp */; };
		C6F55F721ACE62A900CBE4DA /* bags.cpp in Sources */ = {isa = PBXBuildFile; fileRef = C6F55F701ACE62A900CBE4DA /* bags.cpp */; };
/* End PBXBuildFile section */

/* Begin PBXCopyFilesBuildPhase section */
		C6F55F641ACE629D00CBE4DA /* CopyFiles */ = {
			isa = PBXCopyFilesBuildPhase;
			buildActionMask = 2147483647;
			dstPath = /usr/share/man/man1/;
			dstSubfolderSpec = 0;
			files = (
			);
			runOnlyForDeploymentPostprocessing = 1;
		};
/* End PBXCopyFilesBuildPhase section */

/* Begin PBXFileReference section */
		C6F55F661ACE629D00CBE4DA /* p1p2 */ = {isa = PBXFileReference; explicitFileType = "compiled.mach-o.executable"; includeInIndex = 0; path = p1p2; sourceTree = BUILT_PRODUCTS_DIR; };
		C6F55F691ACE629D00CBE4DA /* main.cpp */ = {isa = PBXFileReference; lastKnownFileType = sourcecode.cpp.cpp; path = main.cpp; sourceTree = "<group>"; };
		C6F55F701ACE62A900CBE4DA /* bags.cpp */ = {isa = PBXFileReference; fileEncoding = 4; lastKnownFileType = sourcecode.cpp.cpp; path = bags.cpp; sourceTree = "<group>"; };
		C6F55F711ACE62A900CBE4DA /* bags.h */ = {isa = PBXFileReference; fileEncoding = 4; lastKnownFileType = sourcecode.c.h; path = bags.h; sourceTree = "<group>"; };
/* End PBXFileReference section */

/* Begin PBXFrameworksBuildPhase section */
		C6F55F631ACE629D00CBE4DA /* Frameworks */ = {
			isa = PBXFrameworksBuildPhase;
			buildActionMask = 2147483647;
			files = (
			);
			runOnlyForDeploymentPostprocessing = 0;
		};
/* End PBXFrameworksBuildPhase section */

/* Begin PBXGroup section */
		C6F55F5D1ACE629D00CBE4DA = {
			isa = PBXGroup;
			children = (
				C6F55F681ACE629D00CBE4DA /* p1p2 */,
				C6F55F671ACE629D00CBE4DA /* Products */,
			);
			sourceTree = "<group>";
		};
		C6F55F671ACE629D00CBE4DA /* Products */ = {
			isa = PBXGroup;
			children = (
				C6F55F661ACE629D00CBE4DA /* p1p2 */,
			);
			name = Products;
			sourceTree = "<group>";
		};
		C6F55F681ACE629D00CBE4DA /* p1p2 */ = {
			isa = PBXGroup;
			children = (
				C6F55F691ACE629D00CBE4DA /* main.cpp */,
				C6F55F701ACE62A900CBE4DA /* bags.cpp */,
				C6F55F711ACE62A900CBE4DA /* bags.h */,
			);
			path = p1p2;
			sourceTree = "<group>";
		};
/* End PBXGroup section */

/* Begin PBXNativeTarget section */
		C6F55F651ACE629D00CBE4DA /* p1p2 */ = {
			isa = PBXNativeTarget;
			buildConfigurationList = C6F55F6D1ACE629D00CBE4DA /* Build configuration list for PBXNativeTarget "p1p2" */;
			buildPhases = (
				C6F55F621ACE629D00CBE4DA /* Sources */,
				C6F55F631ACE629D00CBE4DA /* Frameworks */,
				C6F55F641ACE629D00CBE4DA /* CopyFiles */,
			);
			buildRules = (
			);
			dependencies = (
			);
			name = p1p2;
			productName = p1p2;
			productReference = C6F55F661ACE629D00CBE4DA /* p1p2 */;
			productType = "com.apple.product-type.tool";
		};
/* End PBXNativeTarget section */

/* Begin PBXProject section */
		C6F55F5E1ACE629D00CBE4DA /* Project object */ = {
			isa = PBXProject;
			attributes = {
				LastUpgradeCheck = 0620;
				ORGANIZATIONNAME = Vincent;
				TargetAttributes = {
					C6F55F651ACE629D00CBE4DA = {
						CreatedOnToolsVersion = 6.2;
					};
				};
			};
			buildConfigurationList = C6F55F611ACE629D00CBE4DA /* Build configuration list for PBXProject "p1p2" */;
			compatibilityVersion = "Xcode 3.2";
			developmentRegion = English;
			hasScannedForEncodings = 0;
			knownRegions = (
				en,
			);
			mainGroup = C6F55F5D1ACE629D00CBE4DA;
			productRefGroup = C6F55F671ACE629D00CBE4DA /* Products */;
			projectDirPath = "";
			projectRoot = "";
			targets = (
				C6F55F651ACE629D00CBE4DA /* p1p2 */,
			);
		};
/* End PBXProject section */

/* Begin PBXSourcesBuildPhase section */
		C6F55F621ACE629D00CBE4DA /* Sources */ = {
			isa = PBXSourcesBuildPhase;
			buildActionMask = 2147483647;
			files = (
				C6F55F721ACE62A900CBE4DA /* bags.cpp in Sources */,
				C6F55F6A1ACE629D00CBE4DA /* main.cpp in Sources */,
			);
			runOnlyForDeploymentPostprocessing = 0;
		};
/* End PBXSourcesBuildPhase section */

/* Begin XCBuildConfiguration section */
		C6F55F6B1ACE629D00CBE4DA /* Debug */ = {
			isa = XCBuildConfiguration;
			buildSettings = {
				ALWAYS_SEARCH_USER_PATHS = NO;
				CLANG_CXX_LANGUAGE_STANDARD = "gnu++0x";
				CLANG_CXX_LIBRARY = "libc++";
				CLANG_ENABLE_MODULES = YES;
				CLANG_ENABLE_OBJC_ARC = YES;
				CLANG_WARN_BOOL_CONVERSION = YES;
				CLANG_WARN_CONSTANT_CONVERSION = YES;
				CLANG_WARN_DIRECT_OBJC_ISA_USAGE = YES_ERROR;
				CLANG_WARN_EMPTY_BODY = YES;
				CLANG_WARN_ENUM_CONVERSION = YES;
				CLANG_WARN_INT_CONVERSION = YES;
				CLANG_WARN_OBJC_ROOT_CLASS = YES_ERROR;
				CLANG_WARN_UNREACHABLE_CODE = YES;
				CLANG_WARN__DUPLICATE_METHOD_MATCH = YES;
				COPY_PHASE_STRIP = NO;
				ENABLE_STRICT_OBJC_MSGSEND = YES;
				GCC_C_LANGUAGE_STANDARD = gnu99;
				GCC_DYNAMIC_NO_PIC = NO;
				GCC_OPTIMIZATION_LEVEL = 0;
				GCC_PREPROCESSOR_DEFINITIONS = (
					"DEBUG=1",
					"$(inherited)",
				);
				GCC_SYMBOLS_PRIVATE_EXTERN = NO;
				GCC_WARN_64_TO_32_BIT_CONVERSION = YES;
				GCC_WARN_ABOUT_RETURN_TYPE = YES_ERROR;
				GCC_WARN_UNDECLARED_SELECTOR = YES;
				GCC_WARN_UNINITIALIZED_AUTOS = YES_AGGRESSIVE;
				GCC_WARN_UNUSED_FUNCTION = YES;
				GCC_WARN_UNUSED_VARIABLE = YES;
				MACOSX_DEPLOYMENT_TARGET = 10.10;
				MTL_ENABLE_DEBUG_INFO = YES;
				ONLY_ACTIVE_ARCH = YES;
				SDKROOT = macosx;
			};
			name = Debug;
		};
		C6F55F6C1ACE629D00CBE4DA /* Release */ = {
			isa = XCBuildConfiguration;
			buildSettings = {
				ALWAYS_SEARCH_USER_PATHS = NO;
				CLANG_CXX_LANGUAGE_STANDARD = "gnu++0x";
				CLANG_CXX_LIBRARY = "libc++";
				CLANG_ENABLE_MODULES = YES;
				CLANG_ENABLE_OBJC_ARC = YES;
				CLANG_WARN_BOOL_CONVERSION = YES;
				CLANG_WARN_CONSTANT_CONVERSION = YES;
				CLANG_WARN_DIRECT_OBJC_ISA_USAGE = YES_ERROR;
				CLANG_WARN_EMPTY_BODY = YES;
				CLANG_WARN_ENUM_CONVERSION = YES;
				CLANG_WARN_INT_CONVERSION = YES;
				CLANG_WARN_OBJC_ROOT_CLASS = YES_ERROR;
				CLANG_WARN_UNREACHABLE_CODE = YES;
				CLANG_WARN__DUPLICATE_METHOD_MATCH = YES;
				COPY_PHASE_STRIP = NO;
				DEBUG_INFORMATION_FORMAT = "dwarf-with-dsym";
				ENABLE_NS_ASSERTIONS = NO;
				ENABLE_STRICT_OBJC_MSGSEND = YES;
				GCC_C_LANGUAGE_STANDARD = gnu99;
				GCC_WARN_64_TO_32_BIT_CONVERSION = YES;
				GCC_WARN_ABOUT_RETURN_TYPE = YES_ERROR;
				GCC_WARN_UNDECLARED_SELECTOR = YES;
				GCC_WARN_UNINITIALIZED_AUTOS = YES_AGGRESSIVE;
				GCC_WARN_UNUSED_FUNCTION = YES;
				GCC_WARN_UNUSED_VARIABLE = YES;
				MACOSX_DEPLOYMENT_TARGET = 10.10;
				MTL_ENABLE_DEBUG_INFO = NO;
				SDKROOT = macosx;
			};
			name = Release;
		};
		C6F55F6E1ACE629D00CBE4DA /* Debug */ = {
			isa = XCBuildConfiguration;
			buildSettings = {
				PRODUCT_NAME = "$(TARGET_NAME)";
			};
			name = Debug;
		};
		C6F55F6F1ACE629D00CBE4DA /* Release */ = {
			isa = XCBuildConfiguration;
			buildSettings = {
				PRODUCT_NAME = "$(TARGET_NAME)";
			};
			name = Release;
		};
/* End XCBuildConfiguration section */

/* Begin XCConfigurationList section */
		C6F55F611ACE629D00CBE4DA /* Build configuration list for PBXProject "p1p2" */ = {
			isa = XCConfigurationList;
			buildConfigurations = (
				C6F55F6B1ACE629D00CBE4DA /* Debug */,
				C6F55F6C1ACE629D00CBE4DA /* Release */,
			);
			defaultConfigurationIsVisible = 0;
			defaultConfigurationName = Release;
		};
		C6F55F6D1ACE629D00CBE4DA /* Build configuration list for PBXNativeTarget "p1p2" */ = {
			isa = XCConfigurationList;
			buildConfigurations = (
				C6F55F6E1ACE629D00CBE4DA /* Debug */,
				C6F55F6F1ACE629D00CBE4DA /* Release */,
			);
			defaultConfigurationIsVisible = 0;
		};
/* End XCConfigurationList section */
	};
	rootObject = C6F55F5E1ACE629D00CBE4DA /* Project object */;
}
